
Microsoft Visual Studio Solution File, Format Version 12.00
# Visual Studio Version 16
VisualStudioVersion = 16.0.30804.86
MinimumVisualStudioVersion = 10.0.40219.1
Project("{FAE04EC0-301F-11D3-BF4B-00C04F79EFBC}") = "AmongServers.API", "AmongServers.API.csproj", "{F7F2FAA6-A341-4BB2-BCE9-5C9EDAD1FCBD}"
EndProject
Global
	GlobalSection(SolutionConfigurationPlatforms) = preSolution
		Debug|Any CPU = Debug|Any CPU
		Release|Any CPU = Release|Any CPU
	EndGlobalSection
	GlobalSection(ProjectConfigurationPlatforms) = postSolution
		{F7F2FAA6-A341-4BB2-BCE9-5C9EDAD1FCBD}.Debug|Any CPU.ActiveCfg = Debug|Any CPU
		{F7F2FAA6-A341-4BB2-BCE9-5C9EDAD1FCBD}.Debug|Any CPU.Build.0 = Debug|Any CPU
		{F7F2FAA6-A341-4BB2-BCE9-5C9EDAD1FCBD}.Release|Any CPU.ActiveCfg = Release|Any CPU
		{F7F2FAA6-A341-4BB2-BCE9-5C9EDAD1FCBD}.Release|Any CPU.Build.0 = Release|Any CPU
	EndGlobalSection
	GlobalSection(SolutionProperties) = preSolution
		HideSolutionNode = FALSE
	EndGlobalSection
	GlobalSection(ExtensibilityGlobals) = postSolution
		SolutionGuid = {B9494A10-86E4-40CD-85F6-3CC551DA8D30}
	EndGlobalSection
EndGlobal
